
Microsoft Visual Studio Solution File, Format Version 12.00
Project("{FAE04EC0-301F-11D3-BF4B-00C04F79EFBC}") = "code", "code\code.csproj", "{53CDD010-BC17-4B8E-B9A8-0DD948737CA0}"
EndProject
Global
	GlobalSection(SolutionConfigurationPlatforms) = preSolution
		Debug|Any CPU = Debug|Any CPU
		Release|Any CPU = Release|Any CPU
	EndGlobalSection
	GlobalSection(ProjectConfigurationPlatforms) = postSolution
		{53CDD010-BC17-4B8E-B9A8-0DD948737CA0}.Debug|Any CPU.ActiveCfg = Debug|Any CPU
		{53CDD010-BC17-4B8E-B9A8-0DD948737CA0}.Debug|Any CPU.Build.0 = Debug|Any CPU
		{53CDD010-BC17-4B8E-B9A8-0DD948737CA0}.Release|Any CPU.ActiveCfg = Release|Any CPU
		{53CDD010-BC17-4B8E-B9A8-0DD948737CA0}.Release|Any CPU.Build.0 = Release|Any CPU
	EndGlobalSection
EndGlobal
